
Microsoft Visual Studio Solution File, Format Version 12.00
# Visual Studio Version 16
VisualStudioVersion = 16.0.30011.22
MinimumVisualStudioVersion = 10.0.40219.1
Project("{9A19103F-16F7-4668-BE54-9A1E7A4F7556}") = "HierarchyGrid.Definitions", "HierarchyGrid.Definitions\HierarchyGrid.Definitions.csproj", "{31930A95-053D-4E09-AEDA-34A8C9E7FDAE}"
EndProject
Project("{9A19103F-16F7-4668-BE54-9A1E7A4F7556}") = "Demo", "Demo\Demo.csproj", "{2D34F07A-CFCB-4196-AF7E-6D3708EC8F61}"
EndProject
Project("{9A19103F-16F7-4668-BE54-9A1E7A4F7556}") = "HierarchyGrid.Definitions.Tests", "HierarchyGrid.Definitions.Tests\HierarchyGrid.Definitions.Tests.csproj", "{30A955FC-EE04-4654-9F64-4AC3F79822E1}"
EndProject
Project("{9A19103F-16F7-4668-BE54-9A1E7A4F7556}") = "VirtualHierarchyGrid", "VirtualHierarchyGrid\VirtualHierarchyGrid.csproj", "{B7DEAB8B-3FD5-46D0-A73C-8292E0BE604A}"
EndProject
Global
	GlobalSection(SolutionConfigurationPlatforms) = preSolution
		Debug|Any CPU = Debug|Any CPU
		Release|Any CPU = Release|Any CPU
	EndGlobalSection
	GlobalSection(ProjectConfigurationPlatforms) = postSolution
		{31930A95-053D-4E09-AEDA-34A8C9E7FDAE}.Debug|Any CPU.ActiveCfg = Debug|Any CPU
		{31930A95-053D-4E09-AEDA-34A8C9E7FDAE}.Debug|Any CPU.Build.0 = Debug|Any CPU
		{31930A95-053D-4E09-AEDA-34A8C9E7FDAE}.Release|Any CPU.ActiveCfg = Release|Any CPU
		{31930A95-053D-4E09-AEDA-34A8C9E7FDAE}.Release|Any CPU.Build.0 = Release|Any CPU
		{2D34F07A-CFCB-4196-AF7E-6D3708EC8F61}.Debug|Any CPU.ActiveCfg = Debug|Any CPU
		{2D34F07A-CFCB-4196-AF7E-6D3708EC8F61}.Debug|Any CPU.Build.0 = Debug|Any CPU
		{2D34F07A-CFCB-4196-AF7E-6D3708EC8F61}.Release|Any CPU.ActiveCfg = Release|Any CPU
		{2D34F07A-CFCB-4196-AF7E-6D3708EC8F61}.Release|Any CPU.Build.0 = Release|Any CPU
		{30A955FC-EE04-4654-9F64-4AC3F79822E1}.Debug|Any CPU.ActiveCfg = Debug|Any CPU
		{30A955FC-EE04-4654-9F64-4AC3F79822E1}.Debug|Any CPU.Build.0 = Debug|Any CPU
		{30A955FC-EE04-4654-9F64-4AC3F79822E1}.Release|Any CPU.ActiveCfg = Release|Any CPU
		{30A955FC-EE04-4654-9F64-4AC3F79822E1}.Release|Any CPU.Build.0 = Release|Any CPU
		{B7DEAB8B-3FD5-46D0-A73C-8292E0BE604A}.Debug|Any CPU.ActiveCfg = Debug|Any CPU
		{B7DEAB8B-3FD5-46D0-A73C-8292E0BE604A}.Debug|Any CPU.Build.0 = Debug|Any CPU
		{B7DEAB8B-3FD5-46D0-A73C-8292E0BE604A}.Release|Any CPU.ActiveCfg = Release|Any CPU
		{B7DEAB8B-3FD5-46D0-A73C-8292E0BE604A}.Release|Any CPU.Build.0 = Release|Any CPU
	EndGlobalSection
	GlobalSection(SolutionProperties) = preSolution
		HideSolutionNode = FALSE
	EndGlobalSection
	GlobalSection(ExtensibilityGlobals) = postSolution
		SolutionGuid = {41A03B4F-365B-4745-BA3F-99ADB65857DA}
	EndGlobalSection
EndGlobal
