
Microsoft Visual Studio Solution File, Format Version 12.00
# Visual Studio Version 17
VisualStudioVersion = 17.1.32414.318
MinimumVisualStudioVersion = 10.0.40219.1
Project("{9A19103F-16F7-4668-BE54-9A1E7A4F7556}") = "HierarchyGrid.Definitions", "HierarchyGrid.Definitions\HierarchyGrid.Definitions.csproj", "{31930A95-053D-4E09-AEDA-34A8C9E7FDAE}"
EndProject
Project("{9A19103F-16F7-4668-BE54-9A1E7A4F7556}") = "Demo", "Demo\Demo.csproj", "{2D34F07A-CFCB-4196-AF7E-6D3708EC8F61}"
EndProject
Project("{9A19103F-16F7-4668-BE54-9A1E7A4F7556}") = "HierarchyGrid.Definitions.Tests", "HierarchyGrid.Definitions.Tests\HierarchyGrid.Definitions.Tests.csproj", "{30A955FC-EE04-4654-9F64-4AC3F79822E1}"
EndProject
Project("{2150E333-8FDC-42A3-9474-1A3956D46DE8}") = "Solution Items", "Solution Items", "{32F9C893-6467-46B4-BC4A-9F301AE15D39}"
	ProjectSection(SolutionItems) = preProject
		.editorconfig = .editorconfig
	EndProjectSection
EndProject
Project("{9A19103F-16F7-4668-BE54-9A1E7A4F7556}") = "HierarchyGrid.Skia", "HierarchyGrid.Skia\HierarchyGrid.Skia.csproj", "{A7B2763C-4404-41E4-BED9-CAE951FAB886}"
EndProject
Project("{9A19103F-16F7-4668-BE54-9A1E7A4F7556}") = "HierarchyGrid", "HierarchyGrid\HierarchyGrid.csproj", "{FCD1D553-FCC3-4296-AC6C-F84594BCD3E4}"
EndProject
Project("{9A19103F-16F7-4668-BE54-9A1E7A4F7556}") = "HierarchyGrid.Avalonia", "HierarchyGrid.Avalonia\HierarchyGrid.Avalonia.csproj", "{7EA04CDA-FAED-4D60-B9D1-9F92E478A0FF}"
EndProject
Project("{2150E333-8FDC-42A3-9474-1A3956D46DE8}") = "Avalonia", "Avalonia", "{7061C7EA-6813-441B-AAEC-B8AA4828DD85}"
EndProject
Project("{2150E333-8FDC-42A3-9474-1A3956D46DE8}") = "WPF", "WPF", "{2C46ACB2-27D4-4F01-B745-B59DB4A451D9}"
EndProject
Project("{9A19103F-16F7-4668-BE54-9A1E7A4F7556}") = "Demo.AvaloniaApplication", "Demo.AvaloniaApplication\Demo.AvaloniaApplication.csproj", "{595C061F-91D1-40A8-AA34-D06F15DE3F5A}"
EndProject
Project("{9A19103F-16F7-4668-BE54-9A1E7A4F7556}") = "Demo.AvaloniaApplication.Desktop", "Demo.AvaloniaApplication.Desktop\Demo.AvaloniaApplication.Desktop.csproj", "{A196C9AF-093D-455A-AD82-330D3B548BDE}"
EndProject
Global
	GlobalSection(SolutionConfigurationPlatforms) = preSolution
		Debug|Any CPU = Debug|Any CPU
		Release|Any CPU = Release|Any CPU
	EndGlobalSection
	GlobalSection(ProjectConfigurationPlatforms) = postSolution
		{31930A95-053D-4E09-AEDA-34A8C9E7FDAE}.Debug|Any CPU.ActiveCfg = Debug|Any CPU
		{31930A95-053D-4E09-AEDA-34A8C9E7FDAE}.Debug|Any CPU.Build.0 = Debug|Any CPU
		{31930A95-053D-4E09-AEDA-34A8C9E7FDAE}.Release|Any CPU.ActiveCfg = Release|Any CPU
		{31930A95-053D-4E09-AEDA-34A8C9E7FDAE}.Release|Any CPU.Build.0 = Release|Any CPU
		{2D34F07A-CFCB-4196-AF7E-6D3708EC8F61}.Debug|Any CPU.ActiveCfg = Debug|Any CPU
		{2D34F07A-CFCB-4196-AF7E-6D3708EC8F61}.Debug|Any CPU.Build.0 = Debug|Any CPU
		{2D34F07A-CFCB-4196-AF7E-6D3708EC8F61}.Release|Any CPU.ActiveCfg = Release|Any CPU
		{2D34F07A-CFCB-4196-AF7E-6D3708EC8F61}.Release|Any CPU.Build.0 = Release|Any CPU
		{30A955FC-EE04-4654-9F64-4AC3F79822E1}.Debug|Any CPU.ActiveCfg = Debug|Any CPU
		{30A955FC-EE04-4654-9F64-4AC3F79822E1}.Debug|Any CPU.Build.0 = Debug|Any CPU
		{30A955FC-EE04-4654-9F64-4AC3F79822E1}.Release|Any CPU.ActiveCfg = Release|Any CPU
		{30A955FC-EE04-4654-9F64-4AC3F79822E1}.Release|Any CPU.Build.0 = Release|Any CPU
		{A7B2763C-4404-41E4-BED9-CAE951FAB886}.Debug|Any CPU.ActiveCfg = Debug|Any CPU
		{A7B2763C-4404-41E4-BED9-CAE951FAB886}.Debug|Any CPU.Build.0 = Debug|Any CPU
		{A7B2763C-4404-41E4-BED9-CAE951FAB886}.Release|Any CPU.ActiveCfg = Release|Any CPU
		{A7B2763C-4404-41E4-BED9-CAE951FAB886}.Release|Any CPU.Build.0 = Release|Any CPU
		{FCD1D553-FCC3-4296-AC6C-F84594BCD3E4}.Debug|Any CPU.ActiveCfg = Debug|Any CPU
		{FCD1D553-FCC3-4296-AC6C-F84594BCD3E4}.Debug|Any CPU.Build.0 = Debug|Any CPU
		{FCD1D553-FCC3-4296-AC6C-F84594BCD3E4}.Release|Any CPU.ActiveCfg = Release|Any CPU
		{FCD1D553-FCC3-4296-AC6C-F84594BCD3E4}.Release|Any CPU.Build.0 = Release|Any CPU
		{7EA04CDA-FAED-4D60-B9D1-9F92E478A0FF}.Debug|Any CPU.ActiveCfg = Debug|Any CPU
		{7EA04CDA-FAED-4D60-B9D1-9F92E478A0FF}.Debug|Any CPU.Build.0 = Debug|Any CPU
		{7EA04CDA-FAED-4D60-B9D1-9F92E478A0FF}.Release|Any CPU.ActiveCfg = Release|Any CPU
		{7EA04CDA-FAED-4D60-B9D1-9F92E478A0FF}.Release|Any CPU.Build.0 = Release|Any CPU
		{595C061F-91D1-40A8-AA34-D06F15DE3F5A}.Debug|Any CPU.ActiveCfg = Debug|Any CPU
		{595C061F-91D1-40A8-AA34-D06F15DE3F5A}.Debug|Any CPU.Build.0 = Debug|Any CPU
		{595C061F-91D1-40A8-AA34-D06F15DE3F5A}.Release|Any CPU.ActiveCfg = Release|Any CPU
		{595C061F-91D1-40A8-AA34-D06F15DE3F5A}.Release|Any CPU.Build.0 = Release|Any CPU
		{A196C9AF-093D-455A-AD82-330D3B548BDE}.Debug|Any CPU.ActiveCfg = Debug|Any CPU
		{A196C9AF-093D-455A-AD82-330D3B548BDE}.Debug|Any CPU.Build.0 = Debug|Any CPU
		{A196C9AF-093D-455A-AD82-330D3B548BDE}.Release|Any CPU.ActiveCfg = Release|Any CPU
		{A196C9AF-093D-455A-AD82-330D3B548BDE}.Release|Any CPU.Build.0 = Release|Any CPU
		{8C4341CA-6D22-478A-957D-40CA3CCC94D0}.Debug|Any CPU.ActiveCfg = Debug|Any CPU
		{8C4341CA-6D22-478A-957D-40CA3CCC94D0}.Debug|Any CPU.Build.0 = Debug|Any CPU
		{8C4341CA-6D22-478A-957D-40CA3CCC94D0}.Release|Any CPU.ActiveCfg = Release|Any CPU
		{8C4341CA-6D22-478A-957D-40CA3CCC94D0}.Release|Any CPU.Build.0 = Release|Any CPU
		{FE914CF1-EDA6-4D8B-83BE-ACA23986A997}.Debug|Any CPU.ActiveCfg = Debug|Any CPU
		{FE914CF1-EDA6-4D8B-83BE-ACA23986A997}.Debug|Any CPU.Build.0 = Debug|Any CPU
		{FE914CF1-EDA6-4D8B-83BE-ACA23986A997}.Release|Any CPU.ActiveCfg = Release|Any CPU
		{FE914CF1-EDA6-4D8B-83BE-ACA23986A997}.Release|Any CPU.Build.0 = Release|Any CPU
		{1A9E8BE9-57A5-4E23-B87C-AEB277981286}.Debug|Any CPU.ActiveCfg = Debug|Any CPU
		{1A9E8BE9-57A5-4E23-B87C-AEB277981286}.Debug|Any CPU.Build.0 = Debug|Any CPU
		{1A9E8BE9-57A5-4E23-B87C-AEB277981286}.Release|Any CPU.ActiveCfg = Release|Any CPU
		{1A9E8BE9-57A5-4E23-B87C-AEB277981286}.Release|Any CPU.Build.0 = Release|Any CPU
	EndGlobalSection
	GlobalSection(SolutionProperties) = preSolution
		HideSolutionNode = FALSE
	EndGlobalSection
	GlobalSection(NestedProjects) = preSolution
		{2D34F07A-CFCB-4196-AF7E-6D3708EC8F61} = {2C46ACB2-27D4-4F01-B745-B59DB4A451D9}
		{FCD1D553-FCC3-4296-AC6C-F84594BCD3E4} = {2C46ACB2-27D4-4F01-B745-B59DB4A451D9}
		{7EA04CDA-FAED-4D60-B9D1-9F92E478A0FF} = {7061C7EA-6813-441B-AAEC-B8AA4828DD85}
		{595C061F-91D1-40A8-AA34-D06F15DE3F5A} = {7061C7EA-6813-441B-AAEC-B8AA4828DD85}
		{A196C9AF-093D-455A-AD82-330D3B548BDE} = {7061C7EA-6813-441B-AAEC-B8AA4828DD85}
		{8C4341CA-6D22-478A-957D-40CA3CCC94D0} = {7061C7EA-6813-441B-AAEC-B8AA4828DD85}
		{FE914CF1-EDA6-4D8B-83BE-ACA23986A997} = {7061C7EA-6813-441B-AAEC-B8AA4828DD85}
		{1A9E8BE9-57A5-4E23-B87C-AEB277981286} = {7061C7EA-6813-441B-AAEC-B8AA4828DD85}
	EndGlobalSection
	GlobalSection(ExtensibilityGlobals) = postSolution
		SolutionGuid = {41A03B4F-365B-4745-BA3F-99ADB65857DA}
	EndGlobalSection
EndGlobal
